
Microsoft Visual Studio Solution File, Format Version 12.00
# Visual Studio 2012
Project("{FAE04EC0-301F-11D3-BF4B-00C04F79EFBC}") = "CourierManager", "CourierManager\CourierManager.csproj", "{316CFA72-3FEE-49F8-A194-AA36D227D6C9}"
EndProject
Project("{FAE04EC0-301F-11D3-BF4B-00C04F79EFBC}") = "TeamWPF", "TeamWPF\TeamWPF.csproj", "{45AC7301-FBE4-45EA-A67F-50D219FD34A4}"
EndProject
Global
	GlobalSection(SolutionConfigurationPlatforms) = preSolution
		Debug|Any CPU = Debug|Any CPU
		Release|Any CPU = Release|Any CPU
	EndGlobalSection
	GlobalSection(ProjectConfigurationPlatforms) = postSolution
		{316CFA72-3FEE-49F8-A194-AA36D227D6C9}.Debug|Any CPU.ActiveCfg = Debug|Any CPU
		{316CFA72-3FEE-49F8-A194-AA36D227D6C9}.Debug|Any CPU.Build.0 = Debug|Any CPU
		{316CFA72-3FEE-49F8-A194-AA36D227D6C9}.Release|Any CPU.ActiveCfg = Release|Any CPU
		{316CFA72-3FEE-49F8-A194-AA36D227D6C9}.Release|Any CPU.Build.0 = Release|Any CPU
		{45AC7301-FBE4-45EA-A67F-50D219FD34A4}.Debug|Any CPU.ActiveCfg = Debug|Any CPU
		{45AC7301-FBE4-45EA-A67F-50D219FD34A4}.Debug|Any CPU.Build.0 = Debug|Any CPU
		{45AC7301-FBE4-45EA-A67F-50D219FD34A4}.Release|Any CPU.ActiveCfg = Release|Any CPU
		{45AC7301-FBE4-45EA-A67F-50D219FD34A4}.Release|Any CPU.Build.0 = Release|Any CPU
	EndGlobalSection
	GlobalSection(SolutionProperties) = preSolution
		HideSolutionNode = FALSE
	EndGlobalSection
EndGlobal
